
Microsoft Visual Studio Solution File, Format Version 12.00
# Visual Studio Version 17
VisualStudioVersion = 17.7.34009.444
MinimumVisualStudioVersion = 10.0.40219.1
Project("{9A19103F-16F7-4668-BE54-9A1E7A4F7556}") = "BlazorPeliculas.Server", "Server\BlazorPeliculas.Server.csproj", "{B1745D3D-C49C-4B4B-8415-D9BF2BA66A99}"
EndProject
Project("{9A19103F-16F7-4668-BE54-9A1E7A4F7556}") = "BlazorPeliculas.Client", "Client\BlazorPeliculas.Client.csproj", "{665F18D2-D910-4A6C-A2A1-CD4BB7EB8772}"
EndProject
Project("{9A19103F-16F7-4668-BE54-9A1E7A4F7556}") = "BlazorPeliculas.Shared", "Shared\BlazorPeliculas.Shared.csproj", "{A93FD415-FA3B-4437-B4FC-203AAE6FF22B}"
EndProject
Global
	GlobalSection(SolutionConfigurationPlatforms) = preSolution
		Debug|Any CPU = Debug|Any CPU
		Release|Any CPU = Release|Any CPU
	EndGlobalSection
	GlobalSection(ProjectConfigurationPlatforms) = postSolution
		{B1745D3D-C49C-4B4B-8415-D9BF2BA66A99}.Debug|Any CPU.ActiveCfg = Debug|Any CPU
		{B1745D3D-C49C-4B4B-8415-D9BF2BA66A99}.Debug|Any CPU.Build.0 = Debug|Any CPU
		{B1745D3D-C49C-4B4B-8415-D9BF2BA66A99}.Release|Any CPU.ActiveCfg = Release|Any CPU
		{B1745D3D-C49C-4B4B-8415-D9BF2BA66A99}.Release|Any CPU.Build.0 = Release|Any CPU
		{665F18D2-D910-4A6C-A2A1-CD4BB7EB8772}.Debug|Any CPU.ActiveCfg = Debug|Any CPU
		{665F18D2-D910-4A6C-A2A1-CD4BB7EB8772}.Debug|Any CPU.Build.0 = Debug|Any CPU
		{665F18D2-D910-4A6C-A2A1-CD4BB7EB8772}.Release|Any CPU.ActiveCfg = Release|Any CPU
		{665F18D2-D910-4A6C-A2A1-CD4BB7EB8772}.Release|Any CPU.Build.0 = Release|Any CPU
		{A93FD415-FA3B-4437-B4FC-203AAE6FF22B}.Debug|Any CPU.ActiveCfg = Debug|Any CPU
		{A93FD415-FA3B-4437-B4FC-203AAE6FF22B}.Debug|Any CPU.Build.0 = Debug|Any CPU
		{A93FD415-FA3B-4437-B4FC-203AAE6FF22B}.Release|Any CPU.ActiveCfg = Release|Any CPU
		{A93FD415-FA3B-4437-B4FC-203AAE6FF22B}.Release|Any CPU.Build.0 = Release|Any CPU
	EndGlobalSection
	GlobalSection(SolutionProperties) = preSolution
		HideSolutionNode = FALSE
	EndGlobalSection
	GlobalSection(ExtensibilityGlobals) = postSolution
		SolutionGuid = {7AFE6820-EFF3-46A8-909E-E271C144C211}
	EndGlobalSection
EndGlobal
